
Microsoft Visual Studio Solution File, Format Version 12.00
# Visual Studio Version 17
VisualStudioVersion = 17.9.34701.34
MinimumVisualStudioVersion = 10.0.40219.1
Project("{FAE04EC0-301F-11D3-BF4B-00C04F79EFBC}") = "QueueCrap.Subscriber", "QueueCrap.Subscriber.csproj", "{99EEAF56-E34C-4874-B4BC-7B6CB335A3CC}"
EndProject
Project("{FAE04EC0-301F-11D3-BF4B-00C04F79EFBC}") = "QueueCrap.FrameworkPublisher", "..\QueueCrap.FrameworkPublisher\QueueCrap.FrameworkPublisher.csproj", "{B4DC6F6B-84FC-49F4-82AA-0FD3B90DDC48}"
EndProject
Global
	GlobalSection(SolutionConfigurationPlatforms) = preSolution
		Debug|Any CPU = Debug|Any CPU
		Release|Any CPU = Release|Any CPU
	EndGlobalSection
	GlobalSection(ProjectConfigurationPlatforms) = postSolution
		{99EEAF56-E34C-4874-B4BC-7B6CB335A3CC}.Debug|Any CPU.ActiveCfg = Debug|Any CPU
		{99EEAF56-E34C-4874-B4BC-7B6CB335A3CC}.Debug|Any CPU.Build.0 = Debug|Any CPU
		{99EEAF56-E34C-4874-B4BC-7B6CB335A3CC}.Release|Any CPU.ActiveCfg = Release|Any CPU
		{99EEAF56-E34C-4874-B4BC-7B6CB335A3CC}.Release|Any CPU.Build.0 = Release|Any CPU
		{B4DC6F6B-84FC-49F4-82AA-0FD3B90DDC48}.Debug|Any CPU.ActiveCfg = Debug|Any CPU
		{B4DC6F6B-84FC-49F4-82AA-0FD3B90DDC48}.Debug|Any CPU.Build.0 = Debug|Any CPU
		{B4DC6F6B-84FC-49F4-82AA-0FD3B90DDC48}.Release|Any CPU.ActiveCfg = Release|Any CPU
		{B4DC6F6B-84FC-49F4-82AA-0FD3B90DDC48}.Release|Any CPU.Build.0 = Release|Any CPU
	EndGlobalSection
	GlobalSection(SolutionProperties) = preSolution
		HideSolutionNode = FALSE
	EndGlobalSection
	GlobalSection(ExtensibilityGlobals) = postSolution
		SolutionGuid = {B6C03EA1-2B4E-45B5-971B-7D049E88BE48}
	EndGlobalSection
EndGlobal
